// !$*UTF8*$!
{
	archiveVersion = 1;
	classes = {
	};
	objectVersion = 50;
	objects = {

/* Begin PBXBuildFile section */
		14804957CDBED7FB3FE4D169 /* Pods_CVBaseKit.framework in Frameworks */ = {isa = PBXBuildFile; fileRef = E8037DABAA6DC69735D2E2D9 /* Pods_CVBaseKit.framework */; };
		8474175821A0FA62002C8500 /* AppDelegate.swift in Sources */ = {isa = PBXBuildFile; fileRef = 8474175721A0FA62002C8500 /* AppDelegate.swift */; };
		8474175A21A0FA62002C8500 /* ViewController.swift in Sources */ = {isa = PBXBuildFile; fileRef = 8474175921A0FA62002C8500 /* ViewController.swift */; };
		8474175D21A0FA62002C8500 /* Main.storyboard in Resources */ = {isa = PBXBuildFile; fileRef = 8474175B21A0FA62002C8500 /* Main.storyboard */; };
		8474175F21A0FA63002C8500 /* Assets.xcassets in Resources */ = {isa = PBXBuildFile; fileRef = 8474175E21A0FA63002C8500 /* Assets.xcassets */; };
		8474176221A0FA63002C8500 /* LaunchScreen.storyboard in Resources */ = {isa = PBXBuildFile; fileRef = 8474176021A0FA63002C8500 /* LaunchScreen.storyboard */; };
		8474176D21A17F47002C8500 /* CVConst.swift in Sources */ = {isa = PBXBuildFile; fileRef = 8474176C21A17F47002C8500 /* CVConst.swift */; };
		8474177621A19BBC002C8500 /* iPhoneModels.plist in Resources */ = {isa = PBXBuildFile; fileRef = 8474177321A19BBC002C8500 /* iPhoneModels.plist */; };
		8474177721A19BBC002C8500 /* CVBatteryManager.swift in Sources */ = {isa = PBXBuildFile; fileRef = 8474177421A19BBC002C8500 /* CVBatteryManager.swift */; };
		8474177821A19BBC002C8500 /* CVDevice.swift in Sources */ = {isa = PBXBuildFile; fileRef = 8474177521A19BBC002C8500 /* CVDevice.swift */; };
/* End PBXBuildFile section */

/* Begin PBXFileReference section */
		188981AD263230FE84E73895 /* Pods-CVBaseKit.debug.xcconfig */ = {isa = PBXFileReference; includeInIndex = 1; lastKnownFileType = text.xcconfig; name = "Pods-CVBaseKit.debug.xcconfig"; path = "Target Support Files/Pods-CVBaseKit/Pods-CVBaseKit.debug.xcconfig"; sourceTree = "<group>"; };
		64CE809C3976F1A601771800 /* Pods-CVBaseKit.release.xcconfig */ = {isa = PBXFileReference; includeInIndex = 1; lastKnownFileType = text.xcconfig; name = "Pods-CVBaseKit.release.xcconfig"; path = "Target Support Files/Pods-CVBaseKit/Pods-CVBaseKit.release.xcconfig"; sourceTree = "<group>"; };
		8474175421A0FA62002C8500 /* CVBaseKit.app */ = {isa = PBXFileReference; explicitFileType = wrapper.application; includeInIndex = 0; path = CVBaseKit.app; sourceTree = BUILT_PRODUCTS_DIR; };
		8474175721A0FA62002C8500 /* AppDelegate.swift */ = {isa = PBXFileReference; lastKnownFileType = sourcecode.swift; path = AppDelegate.swift; sourceTree = "<group>"; };
		8474175921A0FA62002C8500 /* ViewController.swift */ = {isa = PBXFileReference; lastKnownFileType = sourcecode.swift; path = ViewController.swift; sourceTree = "<group>"; };
		8474175C21A0FA62002C8500 /* Base */ = {isa = PBXFileReference; lastKnownFileType = file.storyboard; name = Base; path = Base.lproj/Main.storyboard; sourceTree = "<group>"; };
		8474175E21A0FA63002C8500 /* Assets.xcassets */ = {isa = PBXFileReference; lastKnownFileType = folder.assetcatalog; path = Assets.xcassets; sourceTree = "<group>"; };
		8474176121A0FA63002C8500 /* Base */ = {isa = PBXFileReference; lastKnownFileType = file.storyboard; name = Base; path = Base.lproj/LaunchScreen.storyboard; sourceTree = "<group>"; };
		8474176321A0FA63002C8500 /* Info.plist */ = {isa = PBXFileReference; lastKnownFileType = text.plist.xml; path = Info.plist; sourceTree = "<group>"; };
		8474176C21A17F47002C8500 /* CVConst.swift */ = {isa = PBXFileReference; lastKnownFileType = sourcecode.swift; path = CVConst.swift; sourceTree = "<group>"; };
		8474177321A19BBC002C8500 /* iPhoneModels.plist */ = {isa = PBXFileReference; fileEncoding = 4; lastKnownFileType = text.plist.xml; path = iPhoneModels.plist; sourceTree = "<group>"; };
		8474177421A19BBC002C8500 /* CVBatteryManager.swift */ = {isa = PBXFileReference; fileEncoding = 4; lastKnownFileType = sourcecode.swift; path = CVBatteryManager.swift; sourceTree = "<group>"; };
		8474177521A19BBC002C8500 /* CVDevice.swift */ = {isa = PBXFileReference; fileEncoding = 4; lastKnownFileType = sourcecode.swift; path = CVDevice.swift; sourceTree = "<group>"; };
		E8037DABAA6DC69735D2E2D9 /* Pods_CVBaseKit.framework */ = {isa = PBXFileReference; explicitFileType = wrapper.framework; includeInIndex = 0; path = Pods_CVBaseKit.framework; sourceTree = BUILT_PRODUCTS_DIR; };
/* End PBXFileReference section */

/* Begin PBXFrameworksBuildPhase section */
		8474175121A0FA62002C8500 /* Frameworks */ = {
			isa = PBXFrameworksBuildPhase;
			buildActionMask = 2147483647;
			files = (
				14804957CDBED7FB3FE4D169 /* Pods_CVBaseKit.framework in Frameworks */,
			);
			runOnlyForDeploymentPostprocessing = 0;
		};
/* End PBXFrameworksBuildPhase section */

/* Begin PBXGroup section */
		26BABCE408EE70AF59BE9C68 /* Frameworks */ = {
			isa = PBXGroup;
			children = (
				E8037DABAA6DC69735D2E2D9 /* Pods_CVBaseKit.framework */,
			);
			name = Frameworks;
			sourceTree = "<group>";
		};
		8474174B21A0FA62002C8500 = {
			isa = PBXGroup;
			children = (
				8474175621A0FA62002C8500 /* CVBaseKit */,
				8474175521A0FA62002C8500 /* Products */,
				86BF1248E582EDC3460E2083 /* Pods */,
				26BABCE408EE70AF59BE9C68 /* Frameworks */,
			);
			sourceTree = "<group>";
		};
		8474175521A0FA62002C8500 /* Products */ = {
			isa = PBXGroup;
			children = (
				8474175421A0FA62002C8500 /* CVBaseKit.app */,
			);
			name = Products;
			sourceTree = "<group>";
		};
		8474175621A0FA62002C8500 /* CVBaseKit */ = {
			isa = PBXGroup;
			children = (
				8474176E21A17F58002C8500 /* Global */,
				8474177221A19BA7002C8500 /* CVDevice */,
				8474176921A17EDD002C8500 /* Component */,
				8474175721A0FA62002C8500 /* AppDelegate.swift */,
				8474175921A0FA62002C8500 /* ViewController.swift */,
				8474175B21A0FA62002C8500 /* Main.storyboard */,
				8474175E21A0FA63002C8500 /* Assets.xcassets */,
				8474176021A0FA63002C8500 /* LaunchScreen.storyboard */,
				8474176321A0FA63002C8500 /* Info.plist */,
			);
			path = CVBaseKit;
			sourceTree = "<group>";
		};
		8474176921A17EDD002C8500 /* Component */ = {
			isa = PBXGroup;
			children = (
			);
			path = Component;
			sourceTree = "<group>";
		};
		8474176E21A17F58002C8500 /* Global */ = {
			isa = PBXGroup;
			children = (
				8474176C21A17F47002C8500 /* CVConst.swift */,
			);
			path = Global;
			sourceTree = "<group>";
		};
		8474177221A19BA7002C8500 /* CVDevice */ = {
			isa = PBXGroup;
			children = (
				8474177421A19BBC002C8500 /* CVBatteryManager.swift */,
				8474177521A19BBC002C8500 /* CVDevice.swift */,
				8474177321A19BBC002C8500 /* iPhoneModels.plist */,
			);
			path = CVDevice;
			sourceTree = "<group>";
		};
		86BF1248E582EDC3460E2083 /* Pods */ = {
			isa = PBXGroup;
			children = (
				188981AD263230FE84E73895 /* Pods-CVBaseKit.debug.xcconfig */,
				64CE809C3976F1A601771800 /* Pods-CVBaseKit.release.xcconfig */,
			);
			path = Pods;
			sourceTree = "<group>";
		};
/* End PBXGroup section */

/* Begin PBXNativeTarget section */
		8474175321A0FA62002C8500 /* CVBaseKit */ = {
			isa = PBXNativeTarget;
			buildConfigurationList = 8474176621A0FA63002C8500 /* Build configuration list for PBXNativeTarget "CVBaseKit" */;
			buildPhases = (
				30497A350144EE3C9B20A0A4 /* [CP] Check Pods Manifest.lock */,
				8474175021A0FA62002C8500 /* Sources */,
				8474175121A0FA62002C8500 /* Frameworks */,
				8474175221A0FA62002C8500 /* Resources */,
				4287D6F9193D9073FCF3511E /* [CP] Embed Pods Frameworks */,
			);
			buildRules = (
			);
			dependencies = (
			);
			name = CVBaseKit;
			productName = CVBaseKit;
			productReference = 8474175421A0FA62002C8500 /* CVBaseKit.app */;
			productType = "com.apple.product-type.application";
		};
/* End PBXNativeTarget section */

/* Begin PBXProject section */
		8474174C21A0FA62002C8500 /* Project object */ = {
			isa = PBXProject;
			attributes = {
				LastSwiftUpdateCheck = 1010;
				LastUpgradeCheck = 1010;
				ORGANIZATIONNAME = "caven-twy";
				TargetAttributes = {
					8474175321A0FA62002C8500 = {
						CreatedOnToolsVersion = 10.1;
					};
				};
			};
			buildConfigurationList = 8474174F21A0FA62002C8500 /* Build configuration list for PBXProject "CVBaseKit" */;
			compatibilityVersion = "Xcode 9.3";
			developmentRegion = en;
			hasScannedForEncodings = 0;
			knownRegions = (
				en,
				Base,
			);
			mainGroup = 8474174B21A0FA62002C8500;
			productRefGroup = 8474175521A0FA62002C8500 /* Products */;
			projectDirPath = "";
			projectRoot = "";
			targets = (
				8474175321A0FA62002C8500 /* CVBaseKit */,
			);
		};
/* End PBXProject section */

/* Begin PBXResourcesBuildPhase section */
		8474175221A0FA62002C8500 /* Resources */ = {
			isa = PBXResourcesBuildPhase;
			buildActionMask = 2147483647;
			files = (
				8474176221A0FA63002C8500 /* LaunchScreen.storyboard in Resources */,
				8474175F21A0FA63002C8500 /* Assets.xcassets in Resources */,
				8474175D21A0FA62002C8500 /* Main.storyboard in Resources */,
				8474177621A19BBC002C8500 /* iPhoneModels.plist in Resources */,
			);
			runOnlyForDeploymentPostprocessing = 0;
		};
/* End PBXResourcesBuildPhase section */

/* Begin PBXShellScriptBuildPhase section */
		30497A350144EE3C9B20A0A4 /* [CP] Check Pods Manifest.lock */ = {
			isa = PBXShellScriptBuildPhase;
			buildActionMask = 2147483647;
			files = (
			);
			inputFileListPaths = (
			);
			inputPaths = (
				"${PODS_PODFILE_DIR_PATH}/Podfile.lock",
				"${PODS_ROOT}/Manifest.lock",
			);
			name = "[CP] Check Pods Manifest.lock";
			outputFileListPaths = (
			);
			outputPaths = (
				"$(DERIVED_FILE_DIR)/Pods-CVBaseKit-checkManifestLockResult.txt",
			);
			runOnlyForDeploymentPostprocessing = 0;
			shellPath = /bin/sh;
			shellScript = "diff \"${PODS_PODFILE_DIR_PATH}/Podfile.lock\" \"${PODS_ROOT}/Manifest.lock\" > /dev/null\nif [ $? != 0 ] ; then\n    # print error to STDERR\n    echo \"error: The sandbox is not in sync with the Podfile.lock. Run 'pod install' or update your CocoaPods installation.\" >&2\n    exit 1\nfi\n# This output is used by Xcode 'outputs' to avoid re-running this script phase.\necho \"SUCCESS\" > \"${SCRIPT_OUTPUT_FILE_0}\"\n";
			showEnvVarsInLog = 0;
		};
		4287D6F9193D9073FCF3511E /* [CP] Embed Pods Frameworks */ = {
			isa = PBXShellScriptBuildPhase;
			buildActionMask = 2147483647;
			files = (
			);
			inputFileListPaths = (
			);
			inputPaths = (
				"${PODS_ROOT}/Target Support Files/Pods-CVBaseKit/Pods-CVBaseKit-frameworks.sh",
				"${BUILT_PRODUCTS_DIR}/KeychainAccess/KeychainAccess.framework",
			);
			name = "[CP] Embed Pods Frameworks";
			outputFileListPaths = (
			);
			outputPaths = (
				"${TARGET_BUILD_DIR}/${FRAMEWORKS_FOLDER_PATH}/KeychainAccess.framework",
			);
			runOnlyForDeploymentPostprocessing = 0;
			shellPath = /bin/sh;
			shellScript = "\"${PODS_ROOT}/Target Support Files/Pods-CVBaseKit/Pods-CVBaseKit-frameworks.sh\"\n";
			showEnvVarsInLog = 0;
		};
/* End PBXShellScriptBuildPhase section */

/* Begin PBXSourcesBuildPhase section */
		8474175021A0FA62002C8500 /* Sources */ = {
			isa = PBXSourcesBuildPhase;
			buildActionMask = 2147483647;
			files = (
				8474177821A19BBC002C8500 /* CVDevice.swift in Sources */,
				8474177721A19BBC002C8500 /* CVBatteryManager.swift in Sources */,
				8474176D21A17F47002C8500 /* CVConst.swift in Sources */,
				8474175A21A0FA62002C8500 /* ViewController.swift in Sources */,
				8474175821A0FA62002C8500 /* AppDelegate.swift in Sources */,
			);
			runOnlyForDeploymentPostprocessing = 0;
		};
/* End PBXSourcesBuildPhase section */

/* Begin PBXVariantGroup section */
		8474175B21A0FA62002C8500 /* Main.storyboard */ = {
			isa = PBXVariantGroup;
			children = (
				8474175C21A0FA62002C8500 /* Base */,
			);
			name = Main.storyboard;
			sourceTree = "<group>";
		};
		8474176021A0FA63002C8500 /* LaunchScreen.storyboard */ = {
			isa = PBXVariantGroup;
			children = (
				8474176121A0FA63002C8500 /* Base */,
			);
			name = LaunchScreen.storyboard;
			sourceTree = "<group>";
		};
/* End PBXVariantGroup section */

/* Begin XCBuildConfiguration section */
		8474176421A0FA63002C8500 /* Debug */ = {
			isa = XCBuildConfiguration;
			buildSettings = {
				ALWAYS_SEARCH_USER_PATHS = NO;
				CLANG_ANALYZER_NONNULL = YES;
				CLANG_ANALYZER_NUMBER_OBJECT_CONVERSION = YES_AGGRESSIVE;
				CLANG_CXX_LANGUAGE_STANDARD = "gnu++14";
				CLANG_CXX_LIBRARY = "libc++";
				CLANG_ENABLE_MODULES = YES;
				CLANG_ENABLE_OBJC_ARC = YES;
				CLANG_ENABLE_OBJC_WEAK = YES;
				CLANG_WARN_BLOCK_CAPTURE_AUTORELEASING = YES;
				CLANG_WARN_BOOL_CONVERSION = YES;
				CLANG_WARN_COMMA = YES;
				CLANG_WARN_CONSTANT_CONVERSION = YES;
				CLANG_WARN_DEPRECATED_OBJC_IMPLEMENTATIONS = YES;
				CLANG_WARN_DIRECT_OBJC_ISA_USAGE = YES_ERROR;
				CLANG_WARN_DOCUMENTATION_COMMENTS = YES;
				CLANG_WARN_EMPTY_BODY = YES;
				CLANG_WARN_ENUM_CONVERSION = YES;
				CLANG_WARN_INFINITE_RECURSION = YES;
				CLANG_WARN_INT_CONVERSION = YES;
				CLANG_WARN_NON_LITERAL_NULL_CONVERSION = YES;
				CLANG_WARN_OBJC_IMPLICIT_RETAIN_SELF = YES;
				CLANG_WARN_OBJC_LITERAL_CONVERSION = YES;
				CLANG_WARN_OBJC_ROOT_CLASS = YES_ERROR;
				CLANG_WARN_RANGE_LOOP_ANALYSIS = YES;
				CLANG_WARN_STRICT_PROTOTYPES = YES;
				CLANG_WARN_SUSPICIOUS_MOVE = YES;
				CLANG_WARN_UNGUARDED_AVAILABILITY = YES_AGGRESSIVE;
				CLANG_WARN_UNREACHABLE_CODE = YES;
				CLANG_WARN__DUPLICATE_METHOD_MATCH = YES;
				CODE_SIGN_IDENTITY = "iPhone Developer";
				COPY_PHASE_STRIP = NO;
				DEBUG_INFORMATION_FORMAT = dwarf;
				ENABLE_STRICT_OBJC_MSGSEND = YES;
				ENABLE_TESTABILITY = YES;
				GCC_C_LANGUAGE_STANDARD = gnu11;
				GCC_DYNAMIC_NO_PIC = NO;
				GCC_NO_COMMON_BLOCKS = YES;
				GCC_OPTIMIZATION_LEVEL = 0;
				GCC_PREPROCESSOR_DEFINITIONS = (
					"DEBUG=1",
					"$(inherited)",
				);
				GCC_WARN_64_TO_32_BIT_CONVERSION = YES;
				GCC_WARN_ABOUT_RETURN_TYPE = YES_ERROR;
				GCC_WARN_UNDECLARED_SELECTOR = YES;
				GCC_WARN_UNINITIALIZED_AUTOS = YES_AGGRESSIVE;
				GCC_WARN_UNUSED_FUNCTION = YES;
				GCC_WARN_UNUSED_VARIABLE = YES;
				IPHONEOS_DEPLOYMENT_TARGET = 12.1;
				MTL_ENABLE_DEBUG_INFO = INCLUDE_SOURCE;
				MTL_FAST_MATH = YES;
				ONLY_ACTIVE_ARCH = YES;
				SDKROOT = iphoneos;
				SWIFT_ACTIVE_COMPILATION_CONDITIONS = DEBUG;
				SWIFT_OPTIMIZATION_LEVEL = "-Onone";
			};
			name = Debug;
		};
		8474176521A0FA63002C8500 /* Release */ = {
			isa = XCBuildConfiguration;
			buildSettings = {
				ALWAYS_SEARCH_USER_PATHS = NO;
				CLANG_ANALYZER_NONNULL = YES;
				CLANG_ANALYZER_NUMBER_OBJECT_CONVERSION = YES_AGGRESSIVE;
				CLANG_CXX_LANGUAGE_STANDARD = "gnu++14";
				CLANG_CXX_LIBRARY = "libc++";
				CLANG_ENABLE_MODULES = YES;
				CLANG_ENABLE_OBJC_ARC = YES;
				CLANG_ENABLE_OBJC_WEAK = YES;
				CLANG_WARN_BLOCK_CAPTURE_AUTORELEASING = YES;
				CLANG_WARN_BOOL_CONVERSION = YES;
				CLANG_WARN_COMMA = YES;
				CLANG_WARN_CONSTANT_CONVERSION = YES;
				CLANG_WARN_DEPRECATED_OBJC_IMPLEMENTATIONS = YES;
				CLANG_WARN_DIRECT_OBJC_ISA_USAGE = YES_ERROR;
				CLANG_WARN_DOCUMENTATION_COMMENTS = YES;
				CLANG_WARN_EMPTY_BODY = YES;
				CLANG_WARN_ENUM_CONVERSION = YES;
				CLANG_WARN_INFINITE_RECURSION = YES;
				CLANG_WARN_INT_CONVERSION = YES;
				CLANG_WARN_NON_LITERAL_NULL_CONVERSION = YES;
				CLANG_WARN_OBJC_IMPLICIT_RETAIN_SELF = YES;
				CLANG_WARN_OBJC_LITERAL_CONVERSION = YES;
				CLANG_WARN_OBJC_ROOT_CLASS = YES_ERROR;
				CLANG_WARN_RANGE_LOOP_ANALYSIS = YES;
				CLANG_WARN_STRICT_PROTOTYPES = YES;
				CLANG_WARN_SUSPICIOUS_MOVE = YES;
				CLANG_WARN_UNGUARDED_AVAILABILITY = YES_AGGRESSIVE;
				CLANG_WARN_UNREACHABLE_CODE = YES;
				CLANG_WARN__DUPLICATE_METHOD_MATCH = YES;
				CODE_SIGN_IDENTITY = "iPhone Developer";
				COPY_PHASE_STRIP = NO;
				DEBUG_INFORMATION_FORMAT = "dwarf-with-dsym";
				ENABLE_NS_ASSERTIONS = NO;
				ENABLE_STRICT_OBJC_MSGSEND = YES;
				GCC_C_LANGUAGE_STANDARD = gnu11;
				GCC_NO_COMMON_BLOCKS = YES;
				GCC_WARN_64_TO_32_BIT_CONVERSION = YES;
				GCC_WARN_ABOUT_RETURN_TYPE = YES_ERROR;
				GCC_WARN_UNDECLARED_SELECTOR = YES;
				GCC_WARN_UNINITIALIZED_AUTOS = YES_AGGRESSIVE;
				GCC_WARN_UNUSED_FUNCTION = YES;
				GCC_WARN_UNUSED_VARIABLE = YES;
				IPHONEOS_DEPLOYMENT_TARGET = 12.1;
				MTL_ENABLE_DEBUG_INFO = NO;
				MTL_FAST_MATH = YES;
				SDKROOT = iphoneos;
				SWIFT_COMPILATION_MODE = wholemodule;
				SWIFT_OPTIMIZATION_LEVEL = "-O";
				VALIDATE_PRODUCT = YES;
			};
			name = Release;
		};
		8474176721A0FA63002C8500 /* Debug */ = {
			isa = XCBuildConfiguration;
			baseConfigurationReference = 188981AD263230FE84E73895 /* Pods-CVBaseKit.debug.xcconfig */;
			buildSettings = {
				ASSETCATALOG_COMPILER_APPICON_NAME = AppIcon;
				CODE_SIGN_STYLE = Automatic;
				INFOPLIST_FILE = CVBaseKit/Info.plist;
				IPHONEOS_DEPLOYMENT_TARGET = 8.0;
				LD_RUNPATH_SEARCH_PATHS = (
					"$(inherited)",
					"@executable_path/Frameworks",
				);
				OTHER_SWIFT_FLAGS = "-D DEBUG";
				PRODUCT_BUNDLE_IDENTIFIER = "caven-twy.CVBaseKit";
				PRODUCT_NAME = "$(TARGET_NAME)";
				SWIFT_VERSION = 4.2;
				TARGETED_DEVICE_FAMILY = "1,2";
			};
			name = Debug;
		};
		8474176821A0FA63002C8500 /* Release */ = {
			isa = XCBuildConfiguration;
			baseConfigurationReference = 64CE809C3976F1A601771800 /* Pods-CVBaseKit.release.xcconfig */;
			buildSettings = {
				ASSETCATALOG_COMPILER_APPICON_NAME = AppIcon;
				CODE_SIGN_STYLE = Automatic;
				INFOPLIST_FILE = CVBaseKit/Info.plist;
				IPHONEOS_DEPLOYMENT_TARGET = 8.0;
				LD_RUNPATH_SEARCH_PATHS = (
					"$(inherited)",
					"@executable_path/Frameworks",
				);
				OTHER_SWIFT_FLAGS = "-D DEBUG";
				PRODUCT_BUNDLE_IDENTIFIER = "caven-twy.CVBaseKit";
				PRODUCT_NAME = "$(TARGET_NAME)";
				SWIFT_VERSION = 4.2;
				TARGETED_DEVICE_FAMILY = "1,2";
			};
			name = Release;
		};
/* End XCBuildConfiguration section */

/* Begin XCConfigurationList section */
		8474174F21A0FA62002C8500 /* Build configuration list for PBXProject "CVBaseKit" */ = {
			isa = XCConfigurationList;
			buildConfigurations = (
				8474176421A0FA63002C8500 /* Debug */,
				8474176521A0FA63002C8500 /* Release */,
			);
			defaultConfigurationIsVisible = 0;
			defaultConfigurationName = Release;
		};
		8474176621A0FA63002C8500 /* Build configuration list for PBXNativeTarget "CVBaseKit" */ = {
			isa = XCConfigurationList;
			buildConfigurations = (
				8474176721A0FA63002C8500 /* Debug */,
				8474176821A0FA63002C8500 /* Release */,
			);
			defaultConfigurationIsVisible = 0;
			defaultConfigurationName = Release;
		};
/* End XCConfigurationList section */
	};
	rootObject = 8474174C21A0FA62002C8500 /* Project object */;
}
