// !$*UTF8*$!
{
	archiveVersion = 1;
	classes = {
	};
	objectVersion = 50;
	objects = {

/* Begin PBXBuildFile section */
		14804957CDBED7FB3FE4D169 /* Pods_CVBaseKit.framework in Frameworks */ = {isa = PBXBuildFile; fileRef = E8037DABAA6DC69735D2E2D9 /* Pods_CVBaseKit.framework */; };
		8407A17121B3D916006D0E71 /* CVBarSpaceItem.swift in Sources */ = {isa = PBXBuildFile; fileRef = 8407A17021B3D916006D0E71 /* CVBarSpaceItem.swift */; };
		8407A17321B3DAE1006D0E71 /* CVBarItem.swift in Sources */ = {isa = PBXBuildFile; fileRef = 8407A17221B3DAE1006D0E71 /* CVBarItem.swift */; };
		8407A17521B3FC0E006D0E71 /* CVNavigationAppearance.swift in Sources */ = {isa = PBXBuildFile; fileRef = 8407A17421B3FC0E006D0E71 /* CVNavigationAppearance.swift */; };
		840DD7F421AAD6D90018DFB8 /* CVNavigationController.swift in Sources */ = {isa = PBXBuildFile; fileRef = 840DD7F321AAD6D90018DFB8 /* CVNavigationController.swift */; };
		840DD7F621AAD6E70018DFB8 /* CVNavigationBar.swift in Sources */ = {isa = PBXBuildFile; fileRef = 840DD7F521AAD6E70018DFB8 /* CVNavigationBar.swift */; };
		840DD7F821AAD6F50018DFB8 /* CVNavigationItem.swift in Sources */ = {isa = PBXBuildFile; fileRef = 840DD7F721AAD6F50018DFB8 /* CVNavigationItem.swift */; };
		840DD7FA21AAD70F0018DFB8 /* CVNavigation.Extension.swift in Sources */ = {isa = PBXBuildFile; fileRef = 840DD7F921AAD70F0018DFB8 /* CVNavigation.Extension.swift */; };
		8428258E21AA679000A560A5 /* RecommendDetailViewController.swift in Sources */ = {isa = PBXBuildFile; fileRef = 8428258D21AA679000A560A5 /* RecommendDetailViewController.swift */; };
		8428259121AA6A6F00A560A5 /* CVNavDemoViewController.swift in Sources */ = {isa = PBXBuildFile; fileRef = 8428259021AA6A6F00A560A5 /* CVNavDemoViewController.swift */; };
		8428259621AAC6FA00A560A5 /* CVTabBarController.Extension.swift in Sources */ = {isa = PBXBuildFile; fileRef = 8428259521AAC6FA00A560A5 /* CVTabBarController.Extension.swift */; };
		8463848E21B804AF00A94519 /* CVSearchViewController.swift in Sources */ = {isa = PBXBuildFile; fileRef = 8463848D21B804AF00A94519 /* CVSearchViewController.swift */; };
		8463849121B80F7D00A94519 /* HomeSearchViewController.swift in Sources */ = {isa = PBXBuildFile; fileRef = 8463849021B80F7D00A94519 /* HomeSearchViewController.swift */; };
		8474175821A0FA62002C8500 /* AppDelegate.swift in Sources */ = {isa = PBXBuildFile; fileRef = 8474175721A0FA62002C8500 /* AppDelegate.swift */; };
		8474175A21A0FA62002C8500 /* ViewController.swift in Sources */ = {isa = PBXBuildFile; fileRef = 8474175921A0FA62002C8500 /* ViewController.swift */; };
		8474175F21A0FA63002C8500 /* Assets.xcassets in Resources */ = {isa = PBXBuildFile; fileRef = 8474175E21A0FA63002C8500 /* Assets.xcassets */; };
		8474176221A0FA63002C8500 /* LaunchScreen.storyboard in Resources */ = {isa = PBXBuildFile; fileRef = 8474176021A0FA63002C8500 /* LaunchScreen.storyboard */; };
		8474176D21A17F47002C8500 /* CVConst.swift in Sources */ = {isa = PBXBuildFile; fileRef = 8474176C21A17F47002C8500 /* CVConst.swift */; };
		8474177621A19BBC002C8500 /* iPhoneModels.plist in Resources */ = {isa = PBXBuildFile; fileRef = 8474177321A19BBC002C8500 /* iPhoneModels.plist */; };
		8474177721A19BBC002C8500 /* CVBatteryManager.swift in Sources */ = {isa = PBXBuildFile; fileRef = 8474177421A19BBC002C8500 /* CVBatteryManager.swift */; };
		8474177821A19BBC002C8500 /* CVDevice.swift in Sources */ = {isa = PBXBuildFile; fileRef = 8474177521A19BBC002C8500 /* CVDevice.swift */; };
		8474177C21A1A701002C8500 /* GlobalDemo.swift in Sources */ = {isa = PBXBuildFile; fileRef = 8474177B21A1A701002C8500 /* GlobalDemo.swift */; };
		8474177E21A1A733002C8500 /* DemoViewController.swift in Sources */ = {isa = PBXBuildFile; fileRef = 8474177D21A1A733002C8500 /* DemoViewController.swift */; };
		8474178021A1A7E4002C8500 /* DemoConverable.swift in Sources */ = {isa = PBXBuildFile; fileRef = 8474177F21A1A7E4002C8500 /* DemoConverable.swift */; };
		8474178221A1A9FD002C8500 /* DeviceDemo.swift in Sources */ = {isa = PBXBuildFile; fileRef = 8474178121A1A9FD002C8500 /* DeviceDemo.swift */; };
		84892FB521B2A12600C33085 /* CVBarButtonItem.swift in Sources */ = {isa = PBXBuildFile; fileRef = 84892FB421B2A12600C33085 /* CVBarButtonItem.swift */; };
		84892FB721B2D61400C33085 /* CVNavigation.bundle in Resources */ = {isa = PBXBuildFile; fileRef = 84892FB621B2D61400C33085 /* CVNavigation.bundle */; };
		84A6CA0921AED6C9006BF190 /* Home_2ViewController.swift in Sources */ = {isa = PBXBuildFile; fileRef = 84A6CA0821AED6C9006BF190 /* Home_2ViewController.swift */; };
		84C91C1321A8E63400B9BBFB /* CVTabBarController.swift in Sources */ = {isa = PBXBuildFile; fileRef = 84C91C1221A8E63400B9BBFB /* CVTabBarController.swift */; };
		84C91C1521A8E6D400B9BBFB /* CVTabBar.swift in Sources */ = {isa = PBXBuildFile; fileRef = 84C91C1421A8E6D400B9BBFB /* CVTabBar.swift */; };
		84C91C1721A8E72900B9BBFB /* CVPaopao.swift in Sources */ = {isa = PBXBuildFile; fileRef = 84C91C1621A8E72900B9BBFB /* CVPaopao.swift */; };
		84C91C1921A8FA6200B9BBFB /* CVTabBarItem.swift in Sources */ = {isa = PBXBuildFile; fileRef = 84C91C1821A8FA6200B9BBFB /* CVTabBarItem.swift */; };
		84C91C1E21A96AA900B9BBFB /* DemoTabBarController.swift in Sources */ = {isa = PBXBuildFile; fileRef = 84C91C1D21A96AA900B9BBFB /* DemoTabBarController.swift */; };
		84C91C2621A96BC000B9BBFB /* HomeViewController.swift in Sources */ = {isa = PBXBuildFile; fileRef = 84C91C2521A96BC000B9BBFB /* HomeViewController.swift */; };
		84C91C2821A96C0300B9BBFB /* RecommendViewController.swift in Sources */ = {isa = PBXBuildFile; fileRef = 84C91C2721A96C0300B9BBFB /* RecommendViewController.swift */; };
		84C91C2A21A96C0E00B9BBFB /* TestViewController.swift in Sources */ = {isa = PBXBuildFile; fileRef = 84C91C2921A96C0E00B9BBFB /* TestViewController.swift */; };
		84C91C2C21A96C1D00B9BBFB /* ShoppingCartViewController.swift in Sources */ = {isa = PBXBuildFile; fileRef = 84C91C2B21A96C1D00B9BBFB /* ShoppingCartViewController.swift */; };
		84C91C2E21A96C2800B9BBFB /* SmallVideoViewController.swift in Sources */ = {isa = PBXBuildFile; fileRef = 84C91C2D21A96C2800B9BBFB /* SmallVideoViewController.swift */; };
		84C91C3021A96C3800B9BBFB /* FriendsViewController.swift in Sources */ = {isa = PBXBuildFile; fileRef = 84C91C2F21A96C3800B9BBFB /* FriendsViewController.swift */; };
/* End PBXBuildFile section */

/* Begin PBXFileReference section */
		188981AD263230FE84E73895 /* Pods-CVBaseKit.debug.xcconfig */ = {isa = PBXFileReference; includeInIndex = 1; lastKnownFileType = text.xcconfig; name = "Pods-CVBaseKit.debug.xcconfig"; path = "Target Support Files/Pods-CVBaseKit/Pods-CVBaseKit.debug.xcconfig"; sourceTree = "<group>"; };
		64CE809C3976F1A601771800 /* Pods-CVBaseKit.release.xcconfig */ = {isa = PBXFileReference; includeInIndex = 1; lastKnownFileType = text.xcconfig; name = "Pods-CVBaseKit.release.xcconfig"; path = "Target Support Files/Pods-CVBaseKit/Pods-CVBaseKit.release.xcconfig"; sourceTree = "<group>"; };
		8407A17021B3D916006D0E71 /* CVBarSpaceItem.swift */ = {isa = PBXFileReference; lastKnownFileType = sourcecode.swift; path = CVBarSpaceItem.swift; sourceTree = "<group>"; };
		8407A17221B3DAE1006D0E71 /* CVBarItem.swift */ = {isa = PBXFileReference; lastKnownFileType = sourcecode.swift; path = CVBarItem.swift; sourceTree = "<group>"; };
		8407A17421B3FC0E006D0E71 /* CVNavigationAppearance.swift */ = {isa = PBXFileReference; lastKnownFileType = sourcecode.swift; path = CVNavigationAppearance.swift; sourceTree = "<group>"; };
		840DD7F321AAD6D90018DFB8 /* CVNavigationController.swift */ = {isa = PBXFileReference; lastKnownFileType = sourcecode.swift; path = CVNavigationController.swift; sourceTree = "<group>"; };
		840DD7F521AAD6E70018DFB8 /* CVNavigationBar.swift */ = {isa = PBXFileReference; lastKnownFileType = sourcecode.swift; path = CVNavigationBar.swift; sourceTree = "<group>"; };
		840DD7F721AAD6F50018DFB8 /* CVNavigationItem.swift */ = {isa = PBXFileReference; lastKnownFileType = sourcecode.swift; path = CVNavigationItem.swift; sourceTree = "<group>"; };
		840DD7F921AAD70F0018DFB8 /* CVNavigation.Extension.swift */ = {isa = PBXFileReference; lastKnownFileType = sourcecode.swift; path = CVNavigation.Extension.swift; sourceTree = "<group>"; };
		8428258D21AA679000A560A5 /* RecommendDetailViewController.swift */ = {isa = PBXFileReference; lastKnownFileType = sourcecode.swift; path = RecommendDetailViewController.swift; sourceTree = "<group>"; };
		8428259021AA6A6F00A560A5 /* CVNavDemoViewController.swift */ = {isa = PBXFileReference; lastKnownFileType = sourcecode.swift; path = CVNavDemoViewController.swift; sourceTree = "<group>"; };
		8428259521AAC6FA00A560A5 /* CVTabBarController.Extension.swift */ = {isa = PBXFileReference; lastKnownFileType = sourcecode.swift; path = CVTabBarController.Extension.swift; sourceTree = "<group>"; };
		8463848D21B804AF00A94519 /* CVSearchViewController.swift */ = {isa = PBXFileReference; lastKnownFileType = sourcecode.swift; path = CVSearchViewController.swift; sourceTree = "<group>"; };
		8463849021B80F7D00A94519 /* HomeSearchViewController.swift */ = {isa = PBXFileReference; lastKnownFileType = sourcecode.swift; path = HomeSearchViewController.swift; sourceTree = "<group>"; };
		8474175421A0FA62002C8500 /* CVBaseKit.app */ = {isa = PBXFileReference; explicitFileType = wrapper.application; includeInIndex = 0; path = CVBaseKit.app; sourceTree = BUILT_PRODUCTS_DIR; };
		8474175721A0FA62002C8500 /* AppDelegate.swift */ = {isa = PBXFileReference; lastKnownFileType = sourcecode.swift; path = AppDelegate.swift; sourceTree = "<group>"; };
		8474175921A0FA62002C8500 /* ViewController.swift */ = {isa = PBXFileReference; lastKnownFileType = sourcecode.swift; path = ViewController.swift; sourceTree = "<group>"; };
		8474175E21A0FA63002C8500 /* Assets.xcassets */ = {isa = PBXFileReference; lastKnownFileType = folder.assetcatalog; path = Assets.xcassets; sourceTree = "<group>"; };
		8474176121A0FA63002C8500 /* Base */ = {isa = PBXFileReference; lastKnownFileType = file.storyboard; name = Base; path = Base.lproj/LaunchScreen.storyboard; sourceTree = "<group>"; };
		8474176321A0FA63002C8500 /* Info.plist */ = {isa = PBXFileReference; lastKnownFileType = text.plist.xml; path = Info.plist; sourceTree = "<group>"; };
		8474176C21A17F47002C8500 /* CVConst.swift */ = {isa = PBXFileReference; lastKnownFileType = sourcecode.swift; path = CVConst.swift; sourceTree = "<group>"; };
		8474177321A19BBC002C8500 /* iPhoneModels.plist */ = {isa = PBXFileReference; fileEncoding = 4; lastKnownFileType = text.plist.xml; path = iPhoneModels.plist; sourceTree = "<group>"; };
		8474177421A19BBC002C8500 /* CVBatteryManager.swift */ = {isa = PBXFileReference; fileEncoding = 4; lastKnownFileType = sourcecode.swift; path = CVBatteryManager.swift; sourceTree = "<group>"; };
		8474177521A19BBC002C8500 /* CVDevice.swift */ = {isa = PBXFileReference; fileEncoding = 4; lastKnownFileType = sourcecode.swift; path = CVDevice.swift; sourceTree = "<group>"; };
		8474177B21A1A701002C8500 /* GlobalDemo.swift */ = {isa = PBXFileReference; lastKnownFileType = sourcecode.swift; path = GlobalDemo.swift; sourceTree = "<group>"; };
		8474177D21A1A733002C8500 /* DemoViewController.swift */ = {isa = PBXFileReference; lastKnownFileType = sourcecode.swift; path = DemoViewController.swift; sourceTree = "<group>"; };
		8474177F21A1A7E4002C8500 /* DemoConverable.swift */ = {isa = PBXFileReference; lastKnownFileType = sourcecode.swift; path = DemoConverable.swift; sourceTree = "<group>"; };
		8474178121A1A9FD002C8500 /* DeviceDemo.swift */ = {isa = PBXFileReference; lastKnownFileType = sourcecode.swift; path = DeviceDemo.swift; sourceTree = "<group>"; };
		84892FB421B2A12600C33085 /* CVBarButtonItem.swift */ = {isa = PBXFileReference; lastKnownFileType = sourcecode.swift; path = CVBarButtonItem.swift; sourceTree = "<group>"; };
		84892FB621B2D61400C33085 /* CVNavigation.bundle */ = {isa = PBXFileReference; lastKnownFileType = "wrapper.plug-in"; path = CVNavigation.bundle; sourceTree = "<group>"; };
		84A6CA0821AED6C9006BF190 /* Home_2ViewController.swift */ = {isa = PBXFileReference; lastKnownFileType = sourcecode.swift; path = Home_2ViewController.swift; sourceTree = "<group>"; };
		84C91C1221A8E63400B9BBFB /* CVTabBarController.swift */ = {isa = PBXFileReference; lastKnownFileType = sourcecode.swift; path = CVTabBarController.swift; sourceTree = "<group>"; };
		84C91C1421A8E6D400B9BBFB /* CVTabBar.swift */ = {isa = PBXFileReference; lastKnownFileType = sourcecode.swift; path = CVTabBar.swift; sourceTree = "<group>"; };
		84C91C1621A8E72900B9BBFB /* CVPaopao.swift */ = {isa = PBXFileReference; lastKnownFileType = sourcecode.swift; path = CVPaopao.swift; sourceTree = "<group>"; };
		84C91C1821A8FA6200B9BBFB /* CVTabBarItem.swift */ = {isa = PBXFileReference; lastKnownFileType = sourcecode.swift; path = CVTabBarItem.swift; sourceTree = "<group>"; };
		84C91C1D21A96AA900B9BBFB /* DemoTabBarController.swift */ = {isa = PBXFileReference; lastKnownFileType = sourcecode.swift; path = DemoTabBarController.swift; sourceTree = "<group>"; };
		84C91C2521A96BC000B9BBFB /* HomeViewController.swift */ = {isa = PBXFileReference; lastKnownFileType = sourcecode.swift; path = HomeViewController.swift; sourceTree = "<group>"; };
		84C91C2721A96C0300B9BBFB /* RecommendViewController.swift */ = {isa = PBXFileReference; lastKnownFileType = sourcecode.swift; path = RecommendViewController.swift; sourceTree = "<group>"; };
		84C91C2921A96C0E00B9BBFB /* TestViewController.swift */ = {isa = PBXFileReference; lastKnownFileType = sourcecode.swift; path = TestViewController.swift; sourceTree = "<group>"; };
		84C91C2B21A96C1D00B9BBFB /* ShoppingCartViewController.swift */ = {isa = PBXFileReference; lastKnownFileType = sourcecode.swift; path = ShoppingCartViewController.swift; sourceTree = "<group>"; };
		84C91C2D21A96C2800B9BBFB /* SmallVideoViewController.swift */ = {isa = PBXFileReference; lastKnownFileType = sourcecode.swift; path = SmallVideoViewController.swift; sourceTree = "<group>"; };
		84C91C2F21A96C3800B9BBFB /* FriendsViewController.swift */ = {isa = PBXFileReference; lastKnownFileType = sourcecode.swift; path = FriendsViewController.swift; sourceTree = "<group>"; };
		E8037DABAA6DC69735D2E2D9 /* Pods_CVBaseKit.framework */ = {isa = PBXFileReference; explicitFileType = wrapper.framework; includeInIndex = 0; path = Pods_CVBaseKit.framework; sourceTree = BUILT_PRODUCTS_DIR; };
/* End PBXFileReference section */

/* Begin PBXFrameworksBuildPhase section */
		8474175121A0FA62002C8500 /* Frameworks */ = {
			isa = PBXFrameworksBuildPhase;
			buildActionMask = 2147483647;
			files = (
				14804957CDBED7FB3FE4D169 /* Pods_CVBaseKit.framework in Frameworks */,
			);
			runOnlyForDeploymentPostprocessing = 0;
		};
/* End PBXFrameworksBuildPhase section */

/* Begin PBXGroup section */
		26BABCE408EE70AF59BE9C68 /* Frameworks */ = {
			isa = PBXGroup;
			children = (
				E8037DABAA6DC69735D2E2D9 /* Pods_CVBaseKit.framework */,
			);
			name = Frameworks;
			sourceTree = "<group>";
		};
		840DD7F221AAD6C10018DFB8 /* CVNavigationController */ = {
			isa = PBXGroup;
			children = (
				840DD7F321AAD6D90018DFB8 /* CVNavigationController.swift */,
				840DD7F521AAD6E70018DFB8 /* CVNavigationBar.swift */,
				840DD7F721AAD6F50018DFB8 /* CVNavigationItem.swift */,
				8407A17221B3DAE1006D0E71 /* CVBarItem.swift */,
				84892FB421B2A12600C33085 /* CVBarButtonItem.swift */,
				8407A17021B3D916006D0E71 /* CVBarSpaceItem.swift */,
				8407A17421B3FC0E006D0E71 /* CVNavigationAppearance.swift */,
				840DD7F921AAD70F0018DFB8 /* CVNavigation.Extension.swift */,
				84892FB621B2D61400C33085 /* CVNavigation.bundle */,
			);
			path = CVNavigationController;
			sourceTree = "<group>";
		};
		8428258F21AA6A5100A560A5 /* NavBarDemo */ = {
			isa = PBXGroup;
			children = (
				8428259021AA6A6F00A560A5 /* CVNavDemoViewController.swift */,
			);
			path = NavBarDemo;
			sourceTree = "<group>";
		};
		8428259421AAC65500A560A5 /* CVTabBarController */ = {
			isa = PBXGroup;
			children = (
				84C91C1221A8E63400B9BBFB /* CVTabBarController.swift */,
				84C91C1421A8E6D400B9BBFB /* CVTabBar.swift */,
				84C91C1821A8FA6200B9BBFB /* CVTabBarItem.swift */,
				84C91C1621A8E72900B9BBFB /* CVPaopao.swift */,
				8428259521AAC6FA00A560A5 /* CVTabBarController.Extension.swift */,
			);
			path = CVTabBarController;
			sourceTree = "<group>";
		};
		8463848F21B804BF00A94519 /* CVSearchViewController */ = {
			isa = PBXGroup;
			children = (
				8463848D21B804AF00A94519 /* CVSearchViewController.swift */,
			);
			path = CVSearchViewController;
			sourceTree = "<group>";
		};
		8474174B21A0FA62002C8500 = {
			isa = PBXGroup;
			children = (
				8474177921A1A404002C8500 /* Demo */,
				8474175621A0FA62002C8500 /* CVBaseKit */,
				8474175521A0FA62002C8500 /* Products */,
				86BF1248E582EDC3460E2083 /* Pods */,
				26BABCE408EE70AF59BE9C68 /* Frameworks */,
			);
			sourceTree = "<group>";
		};
		8474175521A0FA62002C8500 /* Products */ = {
			isa = PBXGroup;
			children = (
				8474175421A0FA62002C8500 /* CVBaseKit.app */,
			);
			name = Products;
			sourceTree = "<group>";
		};
		8474175621A0FA62002C8500 /* CVBaseKit */ = {
			isa = PBXGroup;
			children = (
				84C91C1121A8E60400B9BBFB /* Components */,
				8474176E21A17F58002C8500 /* Global */,
				8474177221A19BA7002C8500 /* CVDevice */,
				8474175E21A0FA63002C8500 /* Assets.xcassets */,
				8474176021A0FA63002C8500 /* LaunchScreen.storyboard */,
			);
			path = CVBaseKit;
			sourceTree = "<group>";
		};
		8474176E21A17F58002C8500 /* Global */ = {
			isa = PBXGroup;
			children = (
				8474176C21A17F47002C8500 /* CVConst.swift */,
			);
			path = Global;
			sourceTree = "<group>";
		};
		8474177221A19BA7002C8500 /* CVDevice */ = {
			isa = PBXGroup;
			children = (
				8474177421A19BBC002C8500 /* CVBatteryManager.swift */,
				8474177521A19BBC002C8500 /* CVDevice.swift */,
				8474177321A19BBC002C8500 /* iPhoneModels.plist */,
			);
			path = CVDevice;
			sourceTree = "<group>";
		};
		8474177921A1A404002C8500 /* Demo */ = {
			isa = PBXGroup;
			children = (
				84C91C2421A96BAB00B9BBFB /* Friends */,
				84C91C2321A96B9000B9BBFB /* SmallVideo */,
				84C91C2221A96B8000B9BBFB /* ShoppingCart */,
				84C91C2121A96B7800B9BBFB /* Test */,
				84C91C2021A96B7000B9BBFB /* Recommend */,
				84C91C1F21A96B6700B9BBFB /* Home */,
				84C91C1C21A96A6200B9BBFB /* TabBarDemo */,
				8428258F21AA6A5100A560A5 /* NavBarDemo */,
				8474176321A0FA63002C8500 /* Info.plist */,
				8474175721A0FA62002C8500 /* AppDelegate.swift */,
				8474175921A0FA62002C8500 /* ViewController.swift */,
				8474177F21A1A7E4002C8500 /* DemoConverable.swift */,
				8474177D21A1A733002C8500 /* DemoViewController.swift */,
				8474177B21A1A701002C8500 /* GlobalDemo.swift */,
				8474178121A1A9FD002C8500 /* DeviceDemo.swift */,
			);
			path = Demo;
			sourceTree = "<group>";
		};
		84C91C1121A8E60400B9BBFB /* Components */ = {
			isa = PBXGroup;
			children = (
				8463848F21B804BF00A94519 /* CVSearchViewController */,
				840DD7F221AAD6C10018DFB8 /* CVNavigationController */,
				8428259421AAC65500A560A5 /* CVTabBarController */,
			);
			path = Components;
			sourceTree = "<group>";
		};
		84C91C1C21A96A6200B9BBFB /* TabBarDemo */ = {
			isa = PBXGroup;
			children = (
				84C91C1D21A96AA900B9BBFB /* DemoTabBarController.swift */,
			);
			path = TabBarDemo;
			sourceTree = "<group>";
		};
		84C91C1F21A96B6700B9BBFB /* Home */ = {
			isa = PBXGroup;
			children = (
				84C91C2521A96BC000B9BBFB /* HomeViewController.swift */,
				84A6CA0821AED6C9006BF190 /* Home_2ViewController.swift */,
				8463849021B80F7D00A94519 /* HomeSearchViewController.swift */,
			);
			path = Home;
			sourceTree = "<group>";
		};
		84C91C2021A96B7000B9BBFB /* Recommend */ = {
			isa = PBXGroup;
			children = (
				84C91C2721A96C0300B9BBFB /* RecommendViewController.swift */,
				8428258D21AA679000A560A5 /* RecommendDetailViewController.swift */,
			);
			path = Recommend;
			sourceTree = "<group>";
		};
		84C91C2121A96B7800B9BBFB /* Test */ = {
			isa = PBXGroup;
			children = (
				84C91C2921A96C0E00B9BBFB /* TestViewController.swift */,
			);
			path = Test;
			sourceTree = "<group>";
		};
		84C91C2221A96B8000B9BBFB /* ShoppingCart */ = {
			isa = PBXGroup;
			children = (
				84C91C2B21A96C1D00B9BBFB /* ShoppingCartViewController.swift */,
			);
			path = ShoppingCart;
			sourceTree = "<group>";
		};
		84C91C2321A96B9000B9BBFB /* SmallVideo */ = {
			isa = PBXGroup;
			children = (
				84C91C2D21A96C2800B9BBFB /* SmallVideoViewController.swift */,
			);
			path = SmallVideo;
			sourceTree = "<group>";
		};
		84C91C2421A96BAB00B9BBFB /* Friends */ = {
			isa = PBXGroup;
			children = (
				84C91C2F21A96C3800B9BBFB /* FriendsViewController.swift */,
			);
			path = Friends;
			sourceTree = "<group>";
		};
		86BF1248E582EDC3460E2083 /* Pods */ = {
			isa = PBXGroup;
			children = (
				188981AD263230FE84E73895 /* Pods-CVBaseKit.debug.xcconfig */,
				64CE809C3976F1A601771800 /* Pods-CVBaseKit.release.xcconfig */,
			);
			path = Pods;
			sourceTree = "<group>";
		};
/* End PBXGroup section */

/* Begin PBXNativeTarget section */
		8474175321A0FA62002C8500 /* CVBaseKit */ = {
			isa = PBXNativeTarget;
			buildConfigurationList = 8474176621A0FA63002C8500 /* Build configuration list for PBXNativeTarget "CVBaseKit" */;
			buildPhases = (
				30497A350144EE3C9B20A0A4 /* [CP] Check Pods Manifest.lock */,
				8474175021A0FA62002C8500 /* Sources */,
				8474175121A0FA62002C8500 /* Frameworks */,
				8474175221A0FA62002C8500 /* Resources */,
				A7DB0216CAAAD223A3F5F355 /* [CP] Embed Pods Frameworks */,
			);
			buildRules = (
			);
			dependencies = (
			);
			name = CVBaseKit;
			productName = CVBaseKit;
			productReference = 8474175421A0FA62002C8500 /* CVBaseKit.app */;
			productType = "com.apple.product-type.application";
		};
/* End PBXNativeTarget section */

/* Begin PBXProject section */
		8474174C21A0FA62002C8500 /* Project object */ = {
			isa = PBXProject;
			attributes = {
				LastSwiftUpdateCheck = 1010;
				LastUpgradeCheck = 1010;
				ORGANIZATIONNAME = "caven-twy";
				TargetAttributes = {
					8474175321A0FA62002C8500 = {
						CreatedOnToolsVersion = 10.1;
					};
				};
			};
			buildConfigurationList = 8474174F21A0FA62002C8500 /* Build configuration list for PBXProject "CVBaseKit" */;
			compatibilityVersion = "Xcode 9.3";
			developmentRegion = en;
			hasScannedForEncodings = 0;
			knownRegions = (
				en,
				Base,
			);
			mainGroup = 8474174B21A0FA62002C8500;
			productRefGroup = 8474175521A0FA62002C8500 /* Products */;
			projectDirPath = "";
			projectRoot = "";
			targets = (
				8474175321A0FA62002C8500 /* CVBaseKit */,
			);
		};
/* End PBXProject section */

/* Begin PBXResourcesBuildPhase section */
		8474175221A0FA62002C8500 /* Resources */ = {
			isa = PBXResourcesBuildPhase;
			buildActionMask = 2147483647;
			files = (
				84892FB721B2D61400C33085 /* CVNavigation.bundle in Resources */,
				8474176221A0FA63002C8500 /* LaunchScreen.storyboard in Resources */,
				8474175F21A0FA63002C8500 /* Assets.xcassets in Resources */,
				8474177621A19BBC002C8500 /* iPhoneModels.plist in Resources */,
			);
			runOnlyForDeploymentPostprocessing = 0;
		};
/* End PBXResourcesBuildPhase section */

/* Begin PBXShellScriptBuildPhase section */
		30497A350144EE3C9B20A0A4 /* [CP] Check Pods Manifest.lock */ = {
			isa = PBXShellScriptBuildPhase;
			buildActionMask = 2147483647;
			files = (
			);
			inputFileListPaths = (
			);
			inputPaths = (
				"${PODS_PODFILE_DIR_PATH}/Podfile.lock",
				"${PODS_ROOT}/Manifest.lock",
			);
			name = "[CP] Check Pods Manifest.lock";
			outputFileListPaths = (
			);
			outputPaths = (
				"$(DERIVED_FILE_DIR)/Pods-CVBaseKit-checkManifestLockResult.txt",
			);
			runOnlyForDeploymentPostprocessing = 0;
			shellPath = /bin/sh;
			shellScript = "diff \"${PODS_PODFILE_DIR_PATH}/Podfile.lock\" \"${PODS_ROOT}/Manifest.lock\" > /dev/null\nif [ $? != 0 ] ; then\n    # print error to STDERR\n    echo \"error: The sandbox is not in sync with the Podfile.lock. Run 'pod install' or update your CocoaPods installation.\" >&2\n    exit 1\nfi\n# This output is used by Xcode 'outputs' to avoid re-running this script phase.\necho \"SUCCESS\" > \"${SCRIPT_OUTPUT_FILE_0}\"\n";
			showEnvVarsInLog = 0;
		};
		A7DB0216CAAAD223A3F5F355 /* [CP] Embed Pods Frameworks */ = {
			isa = PBXShellScriptBuildPhase;
			buildActionMask = 2147483647;
			files = (
			);
			inputFileListPaths = (
			);
			inputPaths = (
				"${PODS_ROOT}/Target Support Files/Pods-CVBaseKit/Pods-CVBaseKit-frameworks.sh",
				"${BUILT_PRODUCTS_DIR}/KeychainAccess/KeychainAccess.framework",
			);
			name = "[CP] Embed Pods Frameworks";
			outputFileListPaths = (
			);
			outputPaths = (
				"${TARGET_BUILD_DIR}/${FRAMEWORKS_FOLDER_PATH}/KeychainAccess.framework",
			);
			runOnlyForDeploymentPostprocessing = 0;
			shellPath = /bin/sh;
			shellScript = "\"${PODS_ROOT}/Target Support Files/Pods-CVBaseKit/Pods-CVBaseKit-frameworks.sh\"\n";
			showEnvVarsInLog = 0;
		};
/* End PBXShellScriptBuildPhase section */

/* Begin PBXSourcesBuildPhase section */
		8474175021A0FA62002C8500 /* Sources */ = {
			isa = PBXSourcesBuildPhase;
			buildActionMask = 2147483647;
			files = (
				8474177821A19BBC002C8500 /* CVDevice.swift in Sources */,
				840DD7FA21AAD70F0018DFB8 /* CVNavigation.Extension.swift in Sources */,
				84C91C2821A96C0300B9BBFB /* RecommendViewController.swift in Sources */,
				84C91C1321A8E63400B9BBFB /* CVTabBarController.swift in Sources */,
				84C91C3021A96C3800B9BBFB /* FriendsViewController.swift in Sources */,
				8474177721A19BBC002C8500 /* CVBatteryManager.swift in Sources */,
				84C91C2C21A96C1D00B9BBFB /* ShoppingCartViewController.swift in Sources */,
				840DD7F821AAD6F50018DFB8 /* CVNavigationItem.swift in Sources */,
				8463848E21B804AF00A94519 /* CVSearchViewController.swift in Sources */,
				8474176D21A17F47002C8500 /* CVConst.swift in Sources */,
				8474175A21A0FA62002C8500 /* ViewController.swift in Sources */,
				84892FB521B2A12600C33085 /* CVBarButtonItem.swift in Sources */,
				8474177E21A1A733002C8500 /* DemoViewController.swift in Sources */,
				8463849121B80F7D00A94519 /* HomeSearchViewController.swift in Sources */,
				84C91C1921A8FA6200B9BBFB /* CVTabBarItem.swift in Sources */,
				8474178021A1A7E4002C8500 /* DemoConverable.swift in Sources */,
				84C91C1E21A96AA900B9BBFB /* DemoTabBarController.swift in Sources */,
				840DD7F421AAD6D90018DFB8 /* CVNavigationController.swift in Sources */,
				8407A17521B3FC0E006D0E71 /* CVNavigationAppearance.swift in Sources */,
				8407A17321B3DAE1006D0E71 /* CVBarItem.swift in Sources */,
				840DD7F621AAD6E70018DFB8 /* CVNavigationBar.swift in Sources */,
				84C91C2E21A96C2800B9BBFB /* SmallVideoViewController.swift in Sources */,
				8407A17121B3D916006D0E71 /* CVBarSpaceItem.swift in Sources */,
				84C91C1521A8E6D400B9BBFB /* CVTabBar.swift in Sources */,
				84C91C2621A96BC000B9BBFB /* HomeViewController.swift in Sources */,
				8474175821A0FA62002C8500 /* AppDelegate.swift in Sources */,
				8474177C21A1A701002C8500 /* GlobalDemo.swift in Sources */,
				8428258E21AA679000A560A5 /* RecommendDetailViewController.swift in Sources */,
				84A6CA0921AED6C9006BF190 /* Home_2ViewController.swift in Sources */,
				8428259621AAC6FA00A560A5 /* CVTabBarController.Extension.swift in Sources */,
				84C91C1721A8E72900B9BBFB /* CVPaopao.swift in Sources */,
				8428259121AA6A6F00A560A5 /* CVNavDemoViewController.swift in Sources */,
				84C91C2A21A96C0E00B9BBFB /* TestViewController.swift in Sources */,
				8474178221A1A9FD002C8500 /* DeviceDemo.swift in Sources */,
			);
			runOnlyForDeploymentPostprocessing = 0;
		};
/* End PBXSourcesBuildPhase section */

/* Begin PBXVariantGroup section */
		8474176021A0FA63002C8500 /* LaunchScreen.storyboard */ = {
			isa = PBXVariantGroup;
			children = (
				8474176121A0FA63002C8500 /* Base */,
			);
			name = LaunchScreen.storyboard;
			sourceTree = "<group>";
		};
/* End PBXVariantGroup section */

/* Begin XCBuildConfiguration section */
		8474176421A0FA63002C8500 /* Debug */ = {
			isa = XCBuildConfiguration;
			buildSettings = {
				ALWAYS_SEARCH_USER_PATHS = NO;
				CLANG_ANALYZER_NONNULL = YES;
				CLANG_ANALYZER_NUMBER_OBJECT_CONVERSION = YES_AGGRESSIVE;
				CLANG_CXX_LANGUAGE_STANDARD = "gnu++14";
				CLANG_CXX_LIBRARY = "libc++";
				CLANG_ENABLE_MODULES = YES;
				CLANG_ENABLE_OBJC_ARC = YES;
				CLANG_ENABLE_OBJC_WEAK = YES;
				CLANG_WARN_BLOCK_CAPTURE_AUTORELEASING = YES;
				CLANG_WARN_BOOL_CONVERSION = YES;
				CLANG_WARN_COMMA = YES;
				CLANG_WARN_CONSTANT_CONVERSION = YES;
				CLANG_WARN_DEPRECATED_OBJC_IMPLEMENTATIONS = YES;
				CLANG_WARN_DIRECT_OBJC_ISA_USAGE = YES_ERROR;
				CLANG_WARN_DOCUMENTATION_COMMENTS = YES;
				CLANG_WARN_EMPTY_BODY = YES;
				CLANG_WARN_ENUM_CONVERSION = YES;
				CLANG_WARN_INFINITE_RECURSION = YES;
				CLANG_WARN_INT_CONVERSION = YES;
				CLANG_WARN_NON_LITERAL_NULL_CONVERSION = YES;
				CLANG_WARN_OBJC_IMPLICIT_RETAIN_SELF = YES;
				CLANG_WARN_OBJC_LITERAL_CONVERSION = YES;
				CLANG_WARN_OBJC_ROOT_CLASS = YES_ERROR;
				CLANG_WARN_RANGE_LOOP_ANALYSIS = YES;
				CLANG_WARN_STRICT_PROTOTYPES = YES;
				CLANG_WARN_SUSPICIOUS_MOVE = YES;
				CLANG_WARN_UNGUARDED_AVAILABILITY = YES_AGGRESSIVE;
				CLANG_WARN_UNREACHABLE_CODE = YES;
				CLANG_WARN__DUPLICATE_METHOD_MATCH = YES;
				CODE_SIGN_IDENTITY = "iPhone Developer";
				COPY_PHASE_STRIP = NO;
				DEBUG_INFORMATION_FORMAT = dwarf;
				ENABLE_STRICT_OBJC_MSGSEND = YES;
				ENABLE_TESTABILITY = YES;
				GCC_C_LANGUAGE_STANDARD = gnu11;
				GCC_DYNAMIC_NO_PIC = NO;
				GCC_NO_COMMON_BLOCKS = YES;
				GCC_OPTIMIZATION_LEVEL = 0;
				GCC_PREPROCESSOR_DEFINITIONS = (
					"DEBUG=1",
					"$(inherited)",
				);
				GCC_WARN_64_TO_32_BIT_CONVERSION = YES;
				GCC_WARN_ABOUT_RETURN_TYPE = YES_ERROR;
				GCC_WARN_UNDECLARED_SELECTOR = YES;
				GCC_WARN_UNINITIALIZED_AUTOS = YES_AGGRESSIVE;
				GCC_WARN_UNUSED_FUNCTION = YES;
				GCC_WARN_UNUSED_VARIABLE = YES;
				IPHONEOS_DEPLOYMENT_TARGET = 12.1;
				MTL_ENABLE_DEBUG_INFO = INCLUDE_SOURCE;
				MTL_FAST_MATH = YES;
				ONLY_ACTIVE_ARCH = YES;
				SDKROOT = iphoneos;
				SWIFT_ACTIVE_COMPILATION_CONDITIONS = DEBUG;
				SWIFT_OPTIMIZATION_LEVEL = "-Onone";
			};
			name = Debug;
		};
		8474176521A0FA63002C8500 /* Release */ = {
			isa = XCBuildConfiguration;
			buildSettings = {
				ALWAYS_SEARCH_USER_PATHS = NO;
				CLANG_ANALYZER_NONNULL = YES;
				CLANG_ANALYZER_NUMBER_OBJECT_CONVERSION = YES_AGGRESSIVE;
				CLANG_CXX_LANGUAGE_STANDARD = "gnu++14";
				CLANG_CXX_LIBRARY = "libc++";
				CLANG_ENABLE_MODULES = YES;
				CLANG_ENABLE_OBJC_ARC = YES;
				CLANG_ENABLE_OBJC_WEAK = YES;
				CLANG_WARN_BLOCK_CAPTURE_AUTORELEASING = YES;
				CLANG_WARN_BOOL_CONVERSION = YES;
				CLANG_WARN_COMMA = YES;
				CLANG_WARN_CONSTANT_CONVERSION = YES;
				CLANG_WARN_DEPRECATED_OBJC_IMPLEMENTATIONS = YES;
				CLANG_WARN_DIRECT_OBJC_ISA_USAGE = YES_ERROR;
				CLANG_WARN_DOCUMENTATION_COMMENTS = YES;
				CLANG_WARN_EMPTY_BODY = YES;
				CLANG_WARN_ENUM_CONVERSION = YES;
				CLANG_WARN_INFINITE_RECURSION = YES;
				CLANG_WARN_INT_CONVERSION = YES;
				CLANG_WARN_NON_LITERAL_NULL_CONVERSION = YES;
				CLANG_WARN_OBJC_IMPLICIT_RETAIN_SELF = YES;
				CLANG_WARN_OBJC_LITERAL_CONVERSION = YES;
				CLANG_WARN_OBJC_ROOT_CLASS = YES_ERROR;
				CLANG_WARN_RANGE_LOOP_ANALYSIS = YES;
				CLANG_WARN_STRICT_PROTOTYPES = YES;
				CLANG_WARN_SUSPICIOUS_MOVE = YES;
				CLANG_WARN_UNGUARDED_AVAILABILITY = YES_AGGRESSIVE;
				CLANG_WARN_UNREACHABLE_CODE = YES;
				CLANG_WARN__DUPLICATE_METHOD_MATCH = YES;
				CODE_SIGN_IDENTITY = "iPhone Developer";
				COPY_PHASE_STRIP = NO;
				DEBUG_INFORMATION_FORMAT = "dwarf-with-dsym";
				ENABLE_NS_ASSERTIONS = NO;
				ENABLE_STRICT_OBJC_MSGSEND = YES;
				GCC_C_LANGUAGE_STANDARD = gnu11;
				GCC_NO_COMMON_BLOCKS = YES;
				GCC_WARN_64_TO_32_BIT_CONVERSION = YES;
				GCC_WARN_ABOUT_RETURN_TYPE = YES_ERROR;
				GCC_WARN_UNDECLARED_SELECTOR = YES;
				GCC_WARN_UNINITIALIZED_AUTOS = YES_AGGRESSIVE;
				GCC_WARN_UNUSED_FUNCTION = YES;
				GCC_WARN_UNUSED_VARIABLE = YES;
				IPHONEOS_DEPLOYMENT_TARGET = 12.1;
				MTL_ENABLE_DEBUG_INFO = NO;
				MTL_FAST_MATH = YES;
				SDKROOT = iphoneos;
				SWIFT_COMPILATION_MODE = wholemodule;
				SWIFT_OPTIMIZATION_LEVEL = "-O";
				VALIDATE_PRODUCT = YES;
			};
			name = Release;
		};
		8474176721A0FA63002C8500 /* Debug */ = {
			isa = XCBuildConfiguration;
			baseConfigurationReference = 188981AD263230FE84E73895 /* Pods-CVBaseKit.debug.xcconfig */;
			buildSettings = {
				ASSETCATALOG_COMPILER_APPICON_NAME = AppIcon;
				CODE_SIGN_STYLE = Automatic;
				DEVELOPMENT_TEAM = KY78F3P96D;
				INFOPLIST_FILE = Demo/Info.plist;
				IPHONEOS_DEPLOYMENT_TARGET = 8.0;
				LD_RUNPATH_SEARCH_PATHS = (
					"$(inherited)",
					"@executable_path/Frameworks",
				);
				OTHER_SWIFT_FLAGS = "-D DEBUG";
				PRODUCT_BUNDLE_IDENTIFIER = "caven-twy.CVBaseKit";
				PRODUCT_NAME = "$(TARGET_NAME)";
				SWIFT_VERSION = 4.2;
				TARGETED_DEVICE_FAMILY = "1,2";
			};
			name = Debug;
		};
		8474176821A0FA63002C8500 /* Release */ = {
			isa = XCBuildConfiguration;
			baseConfigurationReference = 64CE809C3976F1A601771800 /* Pods-CVBaseKit.release.xcconfig */;
			buildSettings = {
				ASSETCATALOG_COMPILER_APPICON_NAME = AppIcon;
				CODE_SIGN_STYLE = Automatic;
				DEVELOPMENT_TEAM = KY78F3P96D;
				INFOPLIST_FILE = Demo/Info.plist;
				IPHONEOS_DEPLOYMENT_TARGET = 8.0;
				LD_RUNPATH_SEARCH_PATHS = (
					"$(inherited)",
					"@executable_path/Frameworks",
				);
				OTHER_SWIFT_FLAGS = "-D DEBUG";
				PRODUCT_BUNDLE_IDENTIFIER = "caven-twy.CVBaseKit";
				PRODUCT_NAME = "$(TARGET_NAME)";
				SWIFT_VERSION = 4.2;
				TARGETED_DEVICE_FAMILY = "1,2";
			};
			name = Release;
		};
/* End XCBuildConfiguration section */

/* Begin XCConfigurationList section */
		8474174F21A0FA62002C8500 /* Build configuration list for PBXProject "CVBaseKit" */ = {
			isa = XCConfigurationList;
			buildConfigurations = (
				8474176421A0FA63002C8500 /* Debug */,
				8474176521A0FA63002C8500 /* Release */,
			);
			defaultConfigurationIsVisible = 0;
			defaultConfigurationName = Release;
		};
		8474176621A0FA63002C8500 /* Build configuration list for PBXNativeTarget "CVBaseKit" */ = {
			isa = XCConfigurationList;
			buildConfigurations = (
				8474176721A0FA63002C8500 /* Debug */,
				8474176821A0FA63002C8500 /* Release */,
			);
			defaultConfigurationIsVisible = 0;
			defaultConfigurationName = Release;
		};
/* End XCConfigurationList section */
	};
	rootObject = 8474174C21A0FA62002C8500 /* Project object */;
}
